
Microsoft Visual Studio Solution File, Format Version 12.00
# Visual Studio Version 17
VisualStudioVersion = 17.13.35919.96 d17.13
MinimumVisualStudioVersion = 10.0.40219.1
Project("{FAE04EC0-301F-11D3-BF4B-00C04F79EFBC}") = "WindowsFormsApp_13_Exception", "WindowsFormsApp_13_Exception\WindowsFormsApp_13_Exception.csproj", "{C859EA0B-74C5-4D96-9D95-7AF8F25E8F9E}"
EndProject
Global
	GlobalSection(SolutionConfigurationPlatforms) = preSolution
		Debug|Any CPU = Debug|Any CPU
		Release|Any CPU = Release|Any CPU
	EndGlobalSection
	GlobalSection(ProjectConfigurationPlatforms) = postSolution
		{C859EA0B-74C5-4D96-9D95-7AF8F25E8F9E}.Debug|Any CPU.ActiveCfg = Debug|Any CPU
		{C859EA0B-74C5-4D96-9D95-7AF8F25E8F9E}.Debug|Any CPU.Build.0 = Debug|Any CPU
		{C859EA0B-74C5-4D96-9D95-7AF8F25E8F9E}.Release|Any CPU.ActiveCfg = Release|Any CPU
		{C859EA0B-74C5-4D96-9D95-7AF8F25E8F9E}.Release|Any CPU.Build.0 = Release|Any CPU
	EndGlobalSection
	GlobalSection(SolutionProperties) = preSolution
		HideSolutionNode = FALSE
	EndGlobalSection
	GlobalSection(ExtensibilityGlobals) = postSolution
		SolutionGuid = {0EEE1EE5-F7FE-4A2E-860E-36F1B9176966}
	EndGlobalSection
EndGlobal
